
Microsoft Visual Studio Solution File, Format Version 12.00
# Visual Studio Version 17
VisualStudioVersion = 17.2.32505.173
MinimumVisualStudioVersion = 10.0.40219.1
Project("{9A19103F-16F7-4668-BE54-9A1E7A4F7556}") = "Stealer", "Stealer\Stealer.csproj", "{6BAE5986-1D2B-4EA5-B837-E1BC52640D47}"
EndProject
Project("{9A19103F-16F7-4668-BE54-9A1E7A4F7556}") = "AuthorProblem", "AuthorProblem\AuthorProblem.csproj", "{F91D2D40-0E69-40F8-A7DF-CB2585FC2B11}"
EndProject
Project("{9A19103F-16F7-4668-BE54-9A1E7A4F7556}") = "CommandPattern", "CommandPattern\CommandPattern.csproj", "{00F42EA6-294B-42D9-AE52-5056D605C6BC}"
EndProject
Project("{9A19103F-16F7-4668-BE54-9A1E7A4F7556}") = "ValidationAttributes", "ValidationAttributes\ValidationAttributes.csproj", "{E81F59CB-0F81-474B-8842-17ACCA6119AD}"
EndProject
Project("{FAE04EC0-301F-11D3-BF4B-00C04F79EFBC}") = "HarvestingFields", "HarvestingFields\HarvestingFields.csproj", "{F8BD33B4-97E7-4B2C-ADA8-04161881A1CA}"
EndProject
Project("{2150E333-8FDC-42A3-9474-1A3956D46DE8}") = "AdditionalExercise", "AdditionalExercise", "{20C0CF2B-C08A-4142-B4AC-B3011604E99F}"
EndProject
Project("{FAE04EC0-301F-11D3-BF4B-00C04F79EFBC}") = "P02.BlackBoxInteger", "P02.BlackBoxInteger\P02.BlackBoxInteger.csproj", "{AC30BFDE-6717-4618-9382-CBED93303F7B}"
EndProject
Project("{FAE04EC0-301F-11D3-BF4B-00C04F79EFBC}") = "P03.BarrackWarsANewFactory", "P03.BarrackWarsANewFactory\P03.BarrackWarsANewFactory.csproj", "{02221581-5985-4F24-84F7-12AAD6259CD3}"
EndProject
Global
	GlobalSection(SolutionConfigurationPlatforms) = preSolution
		Debug|Any CPU = Debug|Any CPU
		Release|Any CPU = Release|Any CPU
	EndGlobalSection
	GlobalSection(ProjectConfigurationPlatforms) = postSolution
		{6BAE5986-1D2B-4EA5-B837-E1BC52640D47}.Debug|Any CPU.ActiveCfg = Debug|Any CPU
		{6BAE5986-1D2B-4EA5-B837-E1BC52640D47}.Debug|Any CPU.Build.0 = Debug|Any CPU
		{6BAE5986-1D2B-4EA5-B837-E1BC52640D47}.Release|Any CPU.ActiveCfg = Release|Any CPU
		{6BAE5986-1D2B-4EA5-B837-E1BC52640D47}.Release|Any CPU.Build.0 = Release|Any CPU
		{F91D2D40-0E69-40F8-A7DF-CB2585FC2B11}.Debug|Any CPU.ActiveCfg = Debug|Any CPU
		{F91D2D40-0E69-40F8-A7DF-CB2585FC2B11}.Debug|Any CPU.Build.0 = Debug|Any CPU
		{F91D2D40-0E69-40F8-A7DF-CB2585FC2B11}.Release|Any CPU.ActiveCfg = Release|Any CPU
		{F91D2D40-0E69-40F8-A7DF-CB2585FC2B11}.Release|Any CPU.Build.0 = Release|Any CPU
		{00F42EA6-294B-42D9-AE52-5056D605C6BC}.Debug|Any CPU.ActiveCfg = Debug|Any CPU
		{00F42EA6-294B-42D9-AE52-5056D605C6BC}.Debug|Any CPU.Build.0 = Debug|Any CPU
		{00F42EA6-294B-42D9-AE52-5056D605C6BC}.Release|Any CPU.ActiveCfg = Release|Any CPU
		{00F42EA6-294B-42D9-AE52-5056D605C6BC}.Release|Any CPU.Build.0 = Release|Any CPU
		{E81F59CB-0F81-474B-8842-17ACCA6119AD}.Debug|Any CPU.ActiveCfg = Debug|Any CPU
		{E81F59CB-0F81-474B-8842-17ACCA6119AD}.Debug|Any CPU.Build.0 = Debug|Any CPU
		{E81F59CB-0F81-474B-8842-17ACCA6119AD}.Release|Any CPU.ActiveCfg = Release|Any CPU
		{E81F59CB-0F81-474B-8842-17ACCA6119AD}.Release|Any CPU.Build.0 = Release|Any CPU
		{F8BD33B4-97E7-4B2C-ADA8-04161881A1CA}.Debug|Any CPU.ActiveCfg = Debug|Any CPU
		{F8BD33B4-97E7-4B2C-ADA8-04161881A1CA}.Debug|Any CPU.Build.0 = Debug|Any CPU
		{F8BD33B4-97E7-4B2C-ADA8-04161881A1CA}.Release|Any CPU.ActiveCfg = Release|Any CPU
		{F8BD33B4-97E7-4B2C-ADA8-04161881A1CA}.Release|Any CPU.Build.0 = Release|Any CPU
		{AC30BFDE-6717-4618-9382-CBED93303F7B}.Debug|Any CPU.ActiveCfg = Debug|Any CPU
		{AC30BFDE-6717-4618-9382-CBED93303F7B}.Debug|Any CPU.Build.0 = Debug|Any CPU
		{AC30BFDE-6717-4618-9382-CBED93303F7B}.Release|Any CPU.ActiveCfg = Release|Any CPU
		{AC30BFDE-6717-4618-9382-CBED93303F7B}.Release|Any CPU.Build.0 = Release|Any CPU
		{02221581-5985-4F24-84F7-12AAD6259CD3}.Debug|Any CPU.ActiveCfg = Debug|Any CPU
		{02221581-5985-4F24-84F7-12AAD6259CD3}.Debug|Any CPU.Build.0 = Debug|Any CPU
		{02221581-5985-4F24-84F7-12AAD6259CD3}.Release|Any CPU.ActiveCfg = Release|Any CPU
		{02221581-5985-4F24-84F7-12AAD6259CD3}.Release|Any CPU.Build.0 = Release|Any CPU
	EndGlobalSection
	GlobalSection(SolutionProperties) = preSolution
		HideSolutionNode = FALSE
	EndGlobalSection
	GlobalSection(NestedProjects) = preSolution
		{F8BD33B4-97E7-4B2C-ADA8-04161881A1CA} = {20C0CF2B-C08A-4142-B4AC-B3011604E99F}
		{AC30BFDE-6717-4618-9382-CBED93303F7B} = {20C0CF2B-C08A-4142-B4AC-B3011604E99F}
		{02221581-5985-4F24-84F7-12AAD6259CD3} = {20C0CF2B-C08A-4142-B4AC-B3011604E99F}
	EndGlobalSection
	GlobalSection(ExtensibilityGlobals) = postSolution
		SolutionGuid = {D266EDF6-1811-4072-8AD6-477D165C5C24}
	EndGlobalSection
EndGlobal
